
Microsoft Visual Studio Solution File, Format Version 12.00
# Visual Studio Version 17
VisualStudioVersion = 17.5.002.0
MinimumVisualStudioVersion = 10.0.40219.1
Project("{9A19103F-16F7-4668-BE54-9A1E7A4F7556}") = "LHPet", "LHPet.csproj", "{6443027F-8DFA-4753-8956-E71187B5A708}"
EndProject
Global
	GlobalSection(SolutionConfigurationPlatforms) = preSolution
		Debug|Any CPU = Debug|Any CPU
		Release|Any CPU = Release|Any CPU
	EndGlobalSection
	GlobalSection(ProjectConfigurationPlatforms) = postSolution
		{6443027F-8DFA-4753-8956-E71187B5A708}.Debug|Any CPU.ActiveCfg = Debug|Any CPU
		{6443027F-8DFA-4753-8956-E71187B5A708}.Debug|Any CPU.Build.0 = Debug|Any CPU
		{6443027F-8DFA-4753-8956-E71187B5A708}.Release|Any CPU.ActiveCfg = Release|Any CPU
		{6443027F-8DFA-4753-8956-E71187B5A708}.Release|Any CPU.Build.0 = Release|Any CPU
	EndGlobalSection
	GlobalSection(SolutionProperties) = preSolution
		HideSolutionNode = FALSE
	EndGlobalSection
	GlobalSection(ExtensibilityGlobals) = postSolution
		SolutionGuid = {794777B6-7DB5-409A-BBEC-204C5E714BBE}
	EndGlobalSection
EndGlobal
